
Microsoft Visual Studio Solution File, Format Version 12.00
# Visual Studio Version 17
VisualStudioVersion = 17.14.36301.6 d17.14
MinimumVisualStudioVersion = 10.0.40219.1
Project("{FAE04EC0-301F-11D3-BF4B-00C04F79EFBC}") = "copilotdemo", "copilotdemo.csproj", "{235132BC-74FD-47A9-9F3F-E35011DC1FD5}"
EndProject
Global
	GlobalSection(SolutionConfigurationPlatforms) = preSolution
		Debug|Any CPU = Debug|Any CPU
		Release|Any CPU = Release|Any CPU
	EndGlobalSection
	GlobalSection(ProjectConfigurationPlatforms) = postSolution
		{235132BC-74FD-47A9-9F3F-E35011DC1FD5}.Debug|Any CPU.ActiveCfg = Debug|Any CPU
		{235132BC-74FD-47A9-9F3F-E35011DC1FD5}.Debug|Any CPU.Build.0 = Debug|Any CPU
		{235132BC-74FD-47A9-9F3F-E35011DC1FD5}.Release|Any CPU.ActiveCfg = Release|Any CPU
		{235132BC-74FD-47A9-9F3F-E35011DC1FD5}.Release|Any CPU.Build.0 = Release|Any CPU
	EndGlobalSection
	GlobalSection(SolutionProperties) = preSolution
		HideSolutionNode = FALSE
	EndGlobalSection
	GlobalSection(ExtensibilityGlobals) = postSolution
		SolutionGuid = {A2A191D9-98C5-4EA9-8A2F-48EE1C237C92}
	EndGlobalSection
EndGlobal
